
Microsoft Visual Studio Solution File, Format Version 12.00
# Visual Studio Version 16
VisualStudioVersion = 16.0.32126.315
MinimumVisualStudioVersion = 10.0.40219.1
Project("{9A19103F-16F7-4668-BE54-9A1E7A4F7556}") = "Pizza Projektet - cafe luccas", "Pizza Projektet - cafe luccas\Pizza Projektet - cafe luccas.csproj", "{CCCE5D97-6823-4296-BFE5-A9D1215194F9}"
EndProject
Global
	GlobalSection(SolutionConfigurationPlatforms) = preSolution
		Debug|Any CPU = Debug|Any CPU
		Release|Any CPU = Release|Any CPU
	EndGlobalSection
	GlobalSection(ProjectConfigurationPlatforms) = postSolution
		{CCCE5D97-6823-4296-BFE5-A9D1215194F9}.Debug|Any CPU.ActiveCfg = Debug|Any CPU
		{CCCE5D97-6823-4296-BFE5-A9D1215194F9}.Debug|Any CPU.Build.0 = Debug|Any CPU
		{CCCE5D97-6823-4296-BFE5-A9D1215194F9}.Release|Any CPU.ActiveCfg = Release|Any CPU
		{CCCE5D97-6823-4296-BFE5-A9D1215194F9}.Release|Any CPU.Build.0 = Release|Any CPU
	EndGlobalSection
	GlobalSection(SolutionProperties) = preSolution
		HideSolutionNode = FALSE
	EndGlobalSection
	GlobalSection(ExtensibilityGlobals) = postSolution
		SolutionGuid = {D4ABE275-B951-4D1E-8A7E-F6474004D2BD}
	EndGlobalSection
EndGlobal
